
Microsoft Visual Studio Solution File, Format Version 12.00
# Visual Studio 15
VisualStudioVersion = 15.0.28307.271
MinimumVisualStudioVersion = 10.0.40219.1
Project("{FAE04EC0-301F-11D3-BF4B-00C04F79EFBC}") = "StudentList", "StudentList\StudentList.csproj", "{C003C6C2-1A8C-4AE8-A90B-F3F37467BF98}"
EndProject
Global
	GlobalSection(SolutionConfigurationPlatforms) = preSolution
		Debug|Any CPU = Debug|Any CPU
		Release|Any CPU = Release|Any CPU
	EndGlobalSection
	GlobalSection(ProjectConfigurationPlatforms) = postSolution
		{C003C6C2-1A8C-4AE8-A90B-F3F37467BF98}.Debug|Any CPU.ActiveCfg = Debug|Any CPU
		{C003C6C2-1A8C-4AE8-A90B-F3F37467BF98}.Debug|Any CPU.Build.0 = Debug|Any CPU
		{C003C6C2-1A8C-4AE8-A90B-F3F37467BF98}.Release|Any CPU.ActiveCfg = Release|Any CPU
		{C003C6C2-1A8C-4AE8-A90B-F3F37467BF98}.Release|Any CPU.Build.0 = Release|Any CPU
	EndGlobalSection
	GlobalSection(SolutionProperties) = preSolution
		HideSolutionNode = FALSE
	EndGlobalSection
	GlobalSection(ExtensibilityGlobals) = postSolution
		SolutionGuid = {457309B6-E6B6-4314-A7C3-EB640C4C6676}
	EndGlobalSection
EndGlobal
